
Microsoft Visual Studio Solution File, Format Version 12.00
# Visual Studio Version 16
VisualStudioVersion = 16.0.29324.140
MinimumVisualStudioVersion = 10.0.40219.1
Project("{FAE04EC0-301F-11D3-BF4B-00C04F79EFBC}") = "nikSimeticZadatak7", "nikSimeticZadatak7\nikSimeticZadatak7.csproj", "{B9FDCE59-797C-4244-B686-7821E09FC91D}"
EndProject
Global
	GlobalSection(SolutionConfigurationPlatforms) = preSolution
		Debug|Any CPU = Debug|Any CPU
		Release|Any CPU = Release|Any CPU
	EndGlobalSection
	GlobalSection(ProjectConfigurationPlatforms) = postSolution
		{B9FDCE59-797C-4244-B686-7821E09FC91D}.Debug|Any CPU.ActiveCfg = Debug|Any CPU
		{B9FDCE59-797C-4244-B686-7821E09FC91D}.Debug|Any CPU.Build.0 = Debug|Any CPU
		{B9FDCE59-797C-4244-B686-7821E09FC91D}.Release|Any CPU.ActiveCfg = Release|Any CPU
		{B9FDCE59-797C-4244-B686-7821E09FC91D}.Release|Any CPU.Build.0 = Release|Any CPU
	EndGlobalSection
	GlobalSection(SolutionProperties) = preSolution
		HideSolutionNode = FALSE
	EndGlobalSection
	GlobalSection(ExtensibilityGlobals) = postSolution
		SolutionGuid = {7A0F2ED8-5AEF-407A-99D8-C738EF00F9F0}
	EndGlobalSection
EndGlobal
